{
  "nodes": {
    "ai-assistant-instructions": {
      "flake": false,
      "locked": {
        "lastModified": 1791599289,
        "narHash": "sha256-HrfsbTRLKJQ8AV3wBm8gQQfytWZ4hz7Moh7KMeQ6b8s=",
        "owner": "dryvist",
        "repo": "ai-assistant-instructions",
        "rev": "8726293d4189159500e8814ccc7e3afbec8ec859",
        "type": "github"
      },
      "original": {
        "owner": "dryvist",
        "ref": "v1",
        "repo": "ai-assistant-instructions",
        "type": "github"
      }
    },
    "claude-code-plugins": {
      "flake": false,
      "locked": {
        "lastModified": 1791647218,
        "narHash": "sha256-PJO22UJ60YF5V3nSSfJFA9SEIJG1zC5IJfAPHY7+awo=",
        "owner": "dryvist",
        "repo": "claude-code-plugins",
        "rev": "9d278544022eb79525a50ff235758b92867dc90a",
        "type": "github"
      },
      "original": {
        "owner": "dryvist",
        "ref": "v6",
        "repo": "claude-code-plugins",
        "type": "github"
      }
    },
    "nixpkgs": {
      "locked": {
        "lastModified": 1784356753,
        "narHash": "sha256-12KrbMiWLcf8m7pCvAtZh1ZrgF85ZXDXvfR/fWTKy84=",
        "owner": "NixOS",
        "repo": "nixpkgs",
        "rev": "61b7c44c4073f0b827768aff0049561b5110ea5a",
        "type": "github"
      },
      "original": {
        "owner": "NixOS",
        "ref": "nixos-unstable",
        "repo": "nixpkgs",
        "type": "github"
      }
    },
    "root": {
      "inputs": {
        "ai-assistant-instructions": "ai-assistant-instructions",
        "claude-code-plugins": "claude-code-plugins",
        "nixpkgs": "nixpkgs"
      }
    }
  },
  "root": "root",
  "version": 7
}
